
Microsoft Visual Studio Solution File, Format Version 12.00
# Visual Studio Version 16
VisualStudioVersion = 16.0.32413.511
MinimumVisualStudioVersion = 10.0.40219.1
Project("{FAE04EC0-301F-11D3-BF4B-00C04F79EFBC}") = "DataAccess", "DataAccess\DataAccess.csproj", "{895E882E-D1CA-4E1E-9DA7-6D00B98593B1}"
EndProject
Project("{FAE04EC0-301F-11D3-BF4B-00C04F79EFBC}") = "Business", "Business\Business.csproj", "{C8D076CD-2E26-4D5C-93B8-B8333CC569AF}"
EndProject
Project("{FAE04EC0-301F-11D3-BF4B-00C04F79EFBC}") = "Entities", "Entities\Entities.csproj", "{BAB68FFE-08A8-4269-8BC9-515D2C15A253}"
EndProject
Project("{FAE04EC0-301F-11D3-BF4B-00C04F79EFBC}") = "ConsoleUI", "ConsoleUI\ConsoleUI.csproj", "{BA078A64-9D22-4896-A2AA-A90D0E28F138}"
EndProject
Global
	GlobalSection(SolutionConfigurationPlatforms) = preSolution
		Debug|Any CPU = Debug|Any CPU
		Release|Any CPU = Release|Any CPU
	EndGlobalSection
	GlobalSection(ProjectConfigurationPlatforms) = postSolution
		{895E882E-D1CA-4E1E-9DA7-6D00B98593B1}.Debug|Any CPU.ActiveCfg = Debug|Any CPU
		{895E882E-D1CA-4E1E-9DA7-6D00B98593B1}.Debug|Any CPU.Build.0 = Debug|Any CPU
		{895E882E-D1CA-4E1E-9DA7-6D00B98593B1}.Release|Any CPU.ActiveCfg = Release|Any CPU
		{895E882E-D1CA-4E1E-9DA7-6D00B98593B1}.Release|Any CPU.Build.0 = Release|Any CPU
		{C8D076CD-2E26-4D5C-93B8-B8333CC569AF}.Debug|Any CPU.ActiveCfg = Debug|Any CPU
		{C8D076CD-2E26-4D5C-93B8-B8333CC569AF}.Debug|Any CPU.Build.0 = Debug|Any CPU
		{C8D076CD-2E26-4D5C-93B8-B8333CC569AF}.Release|Any CPU.ActiveCfg = Release|Any CPU
		{C8D076CD-2E26-4D5C-93B8-B8333CC569AF}.Release|Any CPU.Build.0 = Release|Any CPU
		{BAB68FFE-08A8-4269-8BC9-515D2C15A253}.Debug|Any CPU.ActiveCfg = Debug|Any CPU
		{BAB68FFE-08A8-4269-8BC9-515D2C15A253}.Debug|Any CPU.Build.0 = Debug|Any CPU
		{BAB68FFE-08A8-4269-8BC9-515D2C15A253}.Release|Any CPU.ActiveCfg = Release|Any CPU
		{BAB68FFE-08A8-4269-8BC9-515D2C15A253}.Release|Any CPU.Build.0 = Release|Any CPU
		{BA078A64-9D22-4896-A2AA-A90D0E28F138}.Debug|Any CPU.ActiveCfg = Debug|Any CPU
		{BA078A64-9D22-4896-A2AA-A90D0E28F138}.Debug|Any CPU.Build.0 = Debug|Any CPU
		{BA078A64-9D22-4896-A2AA-A90D0E28F138}.Release|Any CPU.ActiveCfg = Release|Any CPU
		{BA078A64-9D22-4896-A2AA-A90D0E28F138}.Release|Any CPU.Build.0 = Release|Any CPU
	EndGlobalSection
	GlobalSection(SolutionProperties) = preSolution
		HideSolutionNode = FALSE
	EndGlobalSection
	GlobalSection(ExtensibilityGlobals) = postSolution
		SolutionGuid = {5DCE78E1-F58C-48D2-AF54-E63955BF3AC9}
	EndGlobalSection
EndGlobal
